
Microsoft Visual Studio Solution File, Format Version 12.00
# Visual Studio 2013
VisualStudioVersion = 12.0.40629.0
MinimumVisualStudioVersion = 10.0.40219.1
Project("{FAE04EC0-301F-11D3-BF4B-00C04F79EFBC}") = "MBox", "MBox\MBox.csproj", "{971D5F43-6D3C-4B2E-8278-A9DE71B788D0}"
EndProject
Project("{FAE04EC0-301F-11D3-BF4B-00C04F79EFBC}") = "Demo", "Demo\Demo.csproj", "{948EA8F0-EA0F-4A5A-9034-13BCD4A4D771}"
EndProject
Global
	GlobalSection(SolutionConfigurationPlatforms) = preSolution
		Debug|Any CPU = Debug|Any CPU
		Release|Any CPU = Release|Any CPU
	EndGlobalSection
	GlobalSection(ProjectConfigurationPlatforms) = postSolution
		{971D5F43-6D3C-4B2E-8278-A9DE71B788D0}.Debug|Any CPU.ActiveCfg = Debug|Any CPU
		{971D5F43-6D3C-4B2E-8278-A9DE71B788D0}.Debug|Any CPU.Build.0 = Debug|Any CPU
		{971D5F43-6D3C-4B2E-8278-A9DE71B788D0}.Release|Any CPU.ActiveCfg = Release|Any CPU
		{971D5F43-6D3C-4B2E-8278-A9DE71B788D0}.Release|Any CPU.Build.0 = Release|Any CPU
		{948EA8F0-EA0F-4A5A-9034-13BCD4A4D771}.Debug|Any CPU.ActiveCfg = Debug|Any CPU
		{948EA8F0-EA0F-4A5A-9034-13BCD4A4D771}.Debug|Any CPU.Build.0 = Debug|Any CPU
		{948EA8F0-EA0F-4A5A-9034-13BCD4A4D771}.Release|Any CPU.ActiveCfg = Release|Any CPU
		{948EA8F0-EA0F-4A5A-9034-13BCD4A4D771}.Release|Any CPU.Build.0 = Release|Any CPU
	EndGlobalSection
	GlobalSection(SolutionProperties) = preSolution
		HideSolutionNode = FALSE
	EndGlobalSection
EndGlobal
